
Microsoft Visual Studio Solution File, Format Version 12.00
# Visual Studio Version 17
VisualStudioVersion = 17.6.33723.286
MinimumVisualStudioVersion = 10.0.40219.1
Project("{FAE04EC0-301F-11D3-BF4B-00C04F79EFBC}") = "DiffViewer", "DiffViewer\DiffViewer.csproj", "{71090ECE-637C-42F2-90C2-21B4B441F244}"
EndProject
Global
	GlobalSection(SolutionConfigurationPlatforms) = preSolution
		Debug|Any CPU = Debug|Any CPU
		Release|Any CPU = Release|Any CPU
	EndGlobalSection
	GlobalSection(ProjectConfigurationPlatforms) = postSolution
		{71090ECE-637C-42F2-90C2-21B4B441F244}.Debug|Any CPU.ActiveCfg = Debug|Any CPU
		{71090ECE-637C-42F2-90C2-21B4B441F244}.Debug|Any CPU.Build.0 = Debug|Any CPU
		{71090ECE-637C-42F2-90C2-21B4B441F244}.Release|Any CPU.ActiveCfg = Release|Any CPU
		{71090ECE-637C-42F2-90C2-21B4B441F244}.Release|Any CPU.Build.0 = Release|Any CPU
	EndGlobalSection
	GlobalSection(SolutionProperties) = preSolution
		HideSolutionNode = FALSE
	EndGlobalSection
	GlobalSection(ExtensibilityGlobals) = postSolution
		SolutionGuid = {7D42B49F-169C-4ACB-A4E2-C06EC0DE10FC}
	EndGlobalSection
EndGlobal
